
Microsoft Visual Studio Solution File, Format Version 12.00
# Visual Studio 14
VisualStudioVersion = 14.0.25420.1
MinimumVisualStudioVersion = 10.0.40219.1
Project("{FAE04EC0-301F-11D3-BF4B-00C04F79EFBC}") = "EarthLiveSharp", "EarthLiveSharp\EarthLiveSharp.csproj", "{5916F0E1-8196-4229-97C8-7DA0AA91AF0E}"
EndProject
Project("{FAE04EC0-301F-11D3-BF4B-00C04F79EFBC}") = "UnitTest", "UnitTest\UnitTest.csproj", "{F11F6C41-09F8-4D3A-8BA5-30619A7D2883}"
EndProject
Global
	GlobalSection(SolutionConfigurationPlatforms) = preSolution
		Debug|Any CPU = Debug|Any CPU
		Release|Any CPU = Release|Any CPU
	EndGlobalSection
	GlobalSection(ProjectConfigurationPlatforms) = postSolution
		{5916F0E1-8196-4229-97C8-7DA0AA91AF0E}.Debug|Any CPU.ActiveCfg = Debug|Any CPU
		{5916F0E1-8196-4229-97C8-7DA0AA91AF0E}.Debug|Any CPU.Build.0 = Debug|Any CPU
		{5916F0E1-8196-4229-97C8-7DA0AA91AF0E}.Release|Any CPU.ActiveCfg = Release|Any CPU
		{5916F0E1-8196-4229-97C8-7DA0AA91AF0E}.Release|Any CPU.Build.0 = Release|Any CPU
		{F11F6C41-09F8-4D3A-8BA5-30619A7D2883}.Debug|Any CPU.ActiveCfg = Debug|Any CPU
		{F11F6C41-09F8-4D3A-8BA5-30619A7D2883}.Debug|Any CPU.Build.0 = Debug|Any CPU
		{F11F6C41-09F8-4D3A-8BA5-30619A7D2883}.Release|Any CPU.ActiveCfg = Release|Any CPU
		{F11F6C41-09F8-4D3A-8BA5-30619A7D2883}.Release|Any CPU.Build.0 = Release|Any CPU
	EndGlobalSection
	GlobalSection(SolutionProperties) = preSolution
		HideSolutionNode = FALSE
	EndGlobalSection
EndGlobal
